
Microsoft Visual Studio Solution File, Format Version 12.00
# Visual Studio 15
VisualStudioVersion = 15.0.28010.2050
MinimumVisualStudioVersion = 10.0.40219.1
Project("{FAE04EC0-301F-11D3-BF4B-00C04F79EFBC}") = "RawCoding.Shop.Application", "src\RawCoding.Shop.Application\RawCoding.Shop.Application.csproj", "{5B82F549-99B9-4E02-B8E2-6C276E51D660}"
EndProject
Project("{FAE04EC0-301F-11D3-BF4B-00C04F79EFBC}") = "RawCoding.Shop.Database", "src\RawCoding.Shop.Database\RawCoding.Shop.Database.csproj", "{1A311709-3501-478B-B091-EEC36CB66FFE}"
EndProject
Project("{FAE04EC0-301F-11D3-BF4B-00C04F79EFBC}") = "RawCoding.Shop.Domain", "src\RawCoding.Shop.Domain\RawCoding.Shop.Domain.csproj", "{0A3078DA-AE09-40B9-BD97-5587B1775CED}"
EndProject
Project("{FAE04EC0-301F-11D3-BF4B-00C04F79EFBC}") = "RawCoding.Shop.UI", "src\RawCoding.Shop.UI\RawCoding.Shop.UI.csproj", "{E628C214-3BF7-4BC6-A329-603229F2BAAA}"
EndProject
Project("{2150E333-8FDC-42A3-9474-1A3956D46DE8}") = "src", "src", "{BC1D261E-9786-4893-8A08-539A4EC7C1FC}"
EndProject
Project("{FAE04EC0-301F-11D3-BF4B-00C04F79EFBC}") = "RawCoding.S3", "src\RawCoding.S3\RawCoding.S3.csproj", "{E7B45C3C-6A12-4C0C-98B9-E9F291538183}"
EndProject
Project("{2150E333-8FDC-42A3-9474-1A3956D46DE8}") = "scripts", "scripts", "{A47E753C-BC76-48E3-87DA-25F5213A58DB}"
EndProject
Project("{2150E333-8FDC-42A3-9474-1A3956D46DE8}") = ".github", ".github", "{EACE2E27-243E-4700-A6FB-1135E9E9A419}"
EndProject
Project("{2150E333-8FDC-42A3-9474-1A3956D46DE8}") = "workflows", "workflows", "{2A4D4ED0-77FD-435C-8750-217F8B99E85F}"
ProjectSection(SolutionItems) = preProject
	.github\workflows\build_and_deploy_to_linode.yaml = .github\workflows\build_and_deploy_to_linode.yaml
EndProjectSection
EndProject
Project("{2150E333-8FDC-42A3-9474-1A3956D46DE8}") = "infrastructure", "infrastructure", "{C3996228-19AD-4CBD-9BF4-FCF7399144BD}"
ProjectSection(SolutionItems) = preProject
	scripts\infrastructure\vm_setup.sh = scripts\infrastructure\vm_setup.sh
EndProjectSection
EndProject
Project("{2150E333-8FDC-42A3-9474-1A3956D46DE8}") = "tests", "tests", "{9C461E62-4811-4CA3-902D-F87515427A1B}"
ProjectSection(SolutionItems) = preProject
	scripts\tests\shop-test-email.http = scripts\tests\shop-test-email.http
EndProjectSection
EndProject
Project("{2150E333-8FDC-42A3-9474-1A3956D46DE8}") = "environment", "environment", "{6BD435CB-7F0F-4E75-A294-A9E12527DAA8}"
EndProject
Global
	GlobalSection(SolutionConfigurationPlatforms) = preSolution
		Debug|Any CPU = Debug|Any CPU
		Release|Any CPU = Release|Any CPU
	EndGlobalSection
	GlobalSection(ProjectConfigurationPlatforms) = postSolution
		{5B82F549-99B9-4E02-B8E2-6C276E51D660}.Debug|Any CPU.ActiveCfg = Debug|Any CPU
		{5B82F549-99B9-4E02-B8E2-6C276E51D660}.Debug|Any CPU.Build.0 = Debug|Any CPU
		{5B82F549-99B9-4E02-B8E2-6C276E51D660}.Release|Any CPU.ActiveCfg = Release|Any CPU
		{5B82F549-99B9-4E02-B8E2-6C276E51D660}.Release|Any CPU.Build.0 = Release|Any CPU
		{1A311709-3501-478B-B091-EEC36CB66FFE}.Debug|Any CPU.ActiveCfg = Debug|Any CPU
		{1A311709-3501-478B-B091-EEC36CB66FFE}.Debug|Any CPU.Build.0 = Debug|Any CPU
		{1A311709-3501-478B-B091-EEC36CB66FFE}.Release|Any CPU.ActiveCfg = Release|Any CPU
		{1A311709-3501-478B-B091-EEC36CB66FFE}.Release|Any CPU.Build.0 = Release|Any CPU
		{0A3078DA-AE09-40B9-BD97-5587B1775CED}.Debug|Any CPU.ActiveCfg = Debug|Any CPU
		{0A3078DA-AE09-40B9-BD97-5587B1775CED}.Debug|Any CPU.Build.0 = Debug|Any CPU
		{0A3078DA-AE09-40B9-BD97-5587B1775CED}.Release|Any CPU.ActiveCfg = Release|Any CPU
		{0A3078DA-AE09-40B9-BD97-5587B1775CED}.Release|Any CPU.Build.0 = Release|Any CPU
		{E628C214-3BF7-4BC6-A329-603229F2BAAA}.Debug|Any CPU.ActiveCfg = Debug|Any CPU
		{E628C214-3BF7-4BC6-A329-603229F2BAAA}.Debug|Any CPU.Build.0 = Debug|Any CPU
		{E628C214-3BF7-4BC6-A329-603229F2BAAA}.Release|Any CPU.ActiveCfg = Release|Any CPU
		{E628C214-3BF7-4BC6-A329-603229F2BAAA}.Release|Any CPU.Build.0 = Release|Any CPU
		{E7B45C3C-6A12-4C0C-98B9-E9F291538183}.Debug|Any CPU.ActiveCfg = Debug|Any CPU
		{E7B45C3C-6A12-4C0C-98B9-E9F291538183}.Debug|Any CPU.Build.0 = Debug|Any CPU
		{E7B45C3C-6A12-4C0C-98B9-E9F291538183}.Release|Any CPU.ActiveCfg = Release|Any CPU
		{E7B45C3C-6A12-4C0C-98B9-E9F291538183}.Release|Any CPU.Build.0 = Release|Any CPU
	EndGlobalSection
	GlobalSection(SolutionProperties) = preSolution
		HideSolutionNode = FALSE
	EndGlobalSection
	GlobalSection(ExtensibilityGlobals) = postSolution
		SolutionGuid = {3AAEC713-0029-48ED-B8D6-FD0D096A6866}
	EndGlobalSection
	GlobalSection(NestedProjects) = preSolution
		{5B82F549-99B9-4E02-B8E2-6C276E51D660} = {BC1D261E-9786-4893-8A08-539A4EC7C1FC}
		{1A311709-3501-478B-B091-EEC36CB66FFE} = {BC1D261E-9786-4893-8A08-539A4EC7C1FC}
		{0A3078DA-AE09-40B9-BD97-5587B1775CED} = {BC1D261E-9786-4893-8A08-539A4EC7C1FC}
		{E628C214-3BF7-4BC6-A329-603229F2BAAA} = {BC1D261E-9786-4893-8A08-539A4EC7C1FC}
		{E7B45C3C-6A12-4C0C-98B9-E9F291538183} = {BC1D261E-9786-4893-8A08-539A4EC7C1FC}
		{2A4D4ED0-77FD-435C-8750-217F8B99E85F} = {EACE2E27-243E-4700-A6FB-1135E9E9A419}
		{C3996228-19AD-4CBD-9BF4-FCF7399144BD} = {A47E753C-BC76-48E3-87DA-25F5213A58DB}
		{9C461E62-4811-4CA3-902D-F87515427A1B} = {A47E753C-BC76-48E3-87DA-25F5213A58DB}
		{6BD435CB-7F0F-4E75-A294-A9E12527DAA8} = {A47E753C-BC76-48E3-87DA-25F5213A58DB}
	EndGlobalSection
EndGlobal
