
Microsoft Visual Studio Solution File, Format Version 12.00
# Visual Studio 15
VisualStudioVersion = 15.0.28010.2050
MinimumVisualStudioVersion = 10.0.40219.1
Project("{FAE04EC0-301F-11D3-BF4B-00C04F79EFBC}") = "RawCoding.Shop.Application", "RawCoding.Shop.Application\RawCoding.Shop.Application.csproj", "{5D1583CE-054F-4112-87F1-1D19EB42ABFA}"
EndProject
Project("{FAE04EC0-301F-11D3-BF4B-00C04F79EFBC}") = "RawCoding.Shop.Domain", "RawCoding.Shop.Domain\RawCoding.Shop.Domain.csproj", "{D4315DDB-E4D6-4DB1-9296-F22196ABF3EA}"
EndProject
Project("{FAE04EC0-301F-11D3-BF4B-00C04F79EFBC}") = "RawCoding.Shop.Database", "RawCoding.Shop.Database\RawCoding.Shop.Database.csproj", "{2A8B8F37-392A-4B31-A905-B110BC8E164C}"
EndProject
Project("{FAE04EC0-301F-11D3-BF4B-00C04F79EFBC}") = "RawCoding.Shop.UI", "RawCoding.Shop.UI\RawCoding.Shop.UI.csproj", "{A9A7BC22-3659-4ACB-9839-60F87D471EBD}"
EndProject
Global
	GlobalSection(SolutionConfigurationPlatforms) = preSolution
		Debug|Any CPU = Debug|Any CPU
		Release|Any CPU = Release|Any CPU
	EndGlobalSection
	GlobalSection(ProjectConfigurationPlatforms) = postSolution
		{5D1583CE-054F-4112-87F1-1D19EB42ABFA}.Debug|Any CPU.ActiveCfg = Debug|Any CPU
		{5D1583CE-054F-4112-87F1-1D19EB42ABFA}.Debug|Any CPU.Build.0 = Debug|Any CPU
		{5D1583CE-054F-4112-87F1-1D19EB42ABFA}.Release|Any CPU.ActiveCfg = Release|Any CPU
		{5D1583CE-054F-4112-87F1-1D19EB42ABFA}.Release|Any CPU.Build.0 = Release|Any CPU
		{D4315DDB-E4D6-4DB1-9296-F22196ABF3EA}.Debug|Any CPU.ActiveCfg = Debug|Any CPU
		{D4315DDB-E4D6-4DB1-9296-F22196ABF3EA}.Debug|Any CPU.Build.0 = Debug|Any CPU
		{D4315DDB-E4D6-4DB1-9296-F22196ABF3EA}.Release|Any CPU.ActiveCfg = Release|Any CPU
		{D4315DDB-E4D6-4DB1-9296-F22196ABF3EA}.Release|Any CPU.Build.0 = Release|Any CPU
		{2A8B8F37-392A-4B31-A905-B110BC8E164C}.Debug|Any CPU.ActiveCfg = Debug|Any CPU
		{2A8B8F37-392A-4B31-A905-B110BC8E164C}.Debug|Any CPU.Build.0 = Debug|Any CPU
		{2A8B8F37-392A-4B31-A905-B110BC8E164C}.Release|Any CPU.ActiveCfg = Release|Any CPU
		{2A8B8F37-392A-4B31-A905-B110BC8E164C}.Release|Any CPU.Build.0 = Release|Any CPU
		{A9A7BC22-3659-4ACB-9839-60F87D471EBD}.Debug|Any CPU.ActiveCfg = Debug|Any CPU
		{A9A7BC22-3659-4ACB-9839-60F87D471EBD}.Debug|Any CPU.Build.0 = Debug|Any CPU
		{A9A7BC22-3659-4ACB-9839-60F87D471EBD}.Release|Any CPU.ActiveCfg = Release|Any CPU
		{A9A7BC22-3659-4ACB-9839-60F87D471EBD}.Release|Any CPU.Build.0 = Release|Any CPU
	EndGlobalSection
	GlobalSection(SolutionProperties) = preSolution
		HideSolutionNode = FALSE
	EndGlobalSection
	GlobalSection(ExtensibilityGlobals) = postSolution
		SolutionGuid = {3AAEC713-0029-48ED-B8D6-FD0D096A6866}
	EndGlobalSection
EndGlobal
